// !$*UTF8*$!
{
	archiveVersion = 1;
	classes = {
	};
	objectVersion = 77;
	objects = {

/* Begin PBXBuildFile section */
		0BF3FD30B7454434CA019F56 /* Arguments.swift in Sources */ = {isa = PBXBuildFile; fileRef = 35FAFCFE6D8DE609C7FE5988 /* Arguments.swift */; };
		0F07CEA0CD741C4147D25204 /* ConsensusTests.swift in Sources */ = {isa = PBXBuildFile; fileRef = 7F59CC47B157BB0E01F4E8D1 /* ConsensusTests.swift */; };
		15A0CE51820EF7EC92404956 /* StatisticsHTTPServer.swift in Sources */ = {isa = PBXBuildFile; fileRef = 21AFFD8D84F87585AD3EC95B /* StatisticsHTTPServer.swift */; };
		1964BD9B8847BEBEDE6D7702 /* ErgoMetalCLI.swift in Sources */ = {isa = PBXBuildFile; fileRef = CF64D7B5D0E1B535292931E6 /* ErgoMetalCLI.swift */; };
		19A46A5397EB0E16D5575E04 /* libMetalErgoCore.a in Frameworks */ = {isa = PBXBuildFile; fileRef = B08236D4687A9E76662A3FE2 /* libMetalErgoCore.a */; };
		1E3885EB40F4943A847A5605 /* Donation.swift in Sources */ = {isa = PBXBuildFile; fileRef = 68DACEFF0589A9D8CA999DC1 /* Donation.swift */; };
		28A7BB294411AF6F8A085252 /* libMetalErgoCore.a in Frameworks */ = {isa = PBXBuildFile; fileRef = B08236D4687A9E76662A3FE2 /* libMetalErgoCore.a */; };
		2BB717703ACFF0C0A5333634 /* Autolykos.swift in Sources */ = {isa = PBXBuildFile; fileRef = 9B25F9AC969607EED7D53F37 /* Autolykos.swift */; };
		36F410B32194B8261E8FB291 /* StratumTests.swift in Sources */ = {isa = PBXBuildFile; fileRef = C628D393584693C84CD61F70 /* StratumTests.swift */; };
		39899C37C121FE304098766F /* libMetalErgoCore.a in Frameworks */ = {isa = PBXBuildFile; fileRef = B08236D4687A9E76662A3FE2 /* libMetalErgoCore.a */; };
		466E0015E39400327702F340 /* MiningCoordinatorTests.swift in Sources */ = {isa = PBXBuildFile; fileRef = DC10B3CAFE997AB5A6362652 /* MiningCoordinatorTests.swift */; };
		52510C256BB69AAE6C6DAAE2 /* ErgoAddress.swift in Sources */ = {isa = PBXBuildFile; fileRef = 525F8B8BCE65C57ECA4F3C77 /* ErgoAddress.swift */; };
		544C22C037B2A790761B1816 /* MiningCoordinator.swift in Sources */ = {isa = PBXBuildFile; fileRef = 2F365F059EFEA3210BEA5702 /* MiningCoordinator.swift */; };
		5D5B6E49040C17CFE9C34018 /* ArgumentsTests.swift in Sources */ = {isa = PBXBuildFile; fileRef = E84004D497298899A0815ABA /* ArgumentsTests.swift */; };
		65839A8A5DE283CC3F0B21AD /* Blake2b.swift in Sources */ = {isa = PBXBuildFile; fileRef = 29F973D0107EE834C7DD1908 /* Blake2b.swift */; };
		672CD7C42AEBA57D186F1AA6 /* DonationTests.swift in Sources */ = {isa = PBXBuildFile; fileRef = 7695C60F137DD35C28B5AF60 /* DonationTests.swift */; };
		95BD076494F804629E9FC67A /* MinerStatusLineFormatter.swift in Sources */ = {isa = PBXBuildFile; fileRef = 8D13F7971385166397D3B7D5 /* MinerStatusLineFormatter.swift */; };
		9810CA39ECEB7638CD118B21 /* UInt256.swift in Sources */ = {isa = PBXBuildFile; fileRef = FD3B76913F191F39DD6911B2 /* UInt256.swift */; };
		99D287999C8E48F4218A81F2 /* Stratum.swift in Sources */ = {isa = PBXBuildFile; fileRef = CD01266E7B9A5D18A424C76E /* Stratum.swift */; };
		A17FBE53F5CE44520F8E877D /* StatisticsTests.swift in Sources */ = {isa = PBXBuildFile; fileRef = E01033A6DE420F7FB8FCB38B /* StatisticsTests.swift */; };
		AD834C0F218B93356C32188F /* MetalSolver.swift in Sources */ = {isa = PBXBuildFile; fileRef = 6094919297E34AE8C8B57313 /* MetalSolver.swift */; };
		B079B1C7BB9A64E37E3D4F4E /* AutolykosKernels.metal in Sources */ = {isa = PBXBuildFile; fileRef = C832EFD7220872A528987BC7 /* AutolykosKernels.metal */; };
		BF0819C0CF3E86A15361A9F8 /* Statistics.swift in Sources */ = {isa = PBXBuildFile; fileRef = 303DDB16A73D46898E0F7F3C /* Statistics.swift */; };
		C73B7C4D497CC39331393324 /* Arguments.swift in Sources */ = {isa = PBXBuildFile; fileRef = 35FAFCFE6D8DE609C7FE5988 /* Arguments.swift */; };
		CA364D1FCBDC347157A59159 /* AutolykosKernels.metal in Sources */ = {isa = PBXBuildFile; fileRef = C832EFD7220872A528987BC7 /* AutolykosKernels.metal */; };
		E5AF378BF5223C7C5238EB73 /* MiningCoordinator.swift in Sources */ = {isa = PBXBuildFile; fileRef = 2F365F059EFEA3210BEA5702 /* MiningCoordinator.swift */; };
/* End PBXBuildFile section */

/* Begin PBXContainerItemProxy section */
		3DFC62C46B485CFF59360AA3 /* PBXContainerItemProxy */ = {
			isa = PBXContainerItemProxy;
			containerPortal = DB8A78D53A7667338D597271 /* Project object */;
			proxyType = 1;
			remoteGlobalIDString = 17BAA0F04C70C0A7F9C880F8;
			remoteInfo = MetalErgoCore;
		};
		B556608D956F35A8BF2BD2A7 /* PBXContainerItemProxy */ = {
			isa = PBXContainerItemProxy;
			containerPortal = DB8A78D53A7667338D597271 /* Project object */;
			proxyType = 1;
			remoteGlobalIDString = 17BAA0F04C70C0A7F9C880F8;
			remoteInfo = MetalErgoCore;
		};
		F56519370C76AB2007CCB4FF /* PBXContainerItemProxy */ = {
			isa = PBXContainerItemProxy;
			containerPortal = DB8A78D53A7667338D597271 /* Project object */;
			proxyType = 1;
			remoteGlobalIDString = 17BAA0F04C70C0A7F9C880F8;
			remoteInfo = MetalErgoCore;
		};
/* End PBXContainerItemProxy section */

/* Begin PBXFileReference section */
		21AFFD8D84F87585AD3EC95B /* StatisticsHTTPServer.swift */ = {isa = PBXFileReference; lastKnownFileType = sourcecode.swift; path = StatisticsHTTPServer.swift; sourceTree = "<group>"; };
		29F973D0107EE834C7DD1908 /* Blake2b.swift */ = {isa = PBXFileReference; lastKnownFileType = sourcecode.swift; path = Blake2b.swift; sourceTree = "<group>"; };
		2F365F059EFEA3210BEA5702 /* MiningCoordinator.swift */ = {isa = PBXFileReference; lastKnownFileType = sourcecode.swift; path = MiningCoordinator.swift; sourceTree = "<group>"; };
		303DDB16A73D46898E0F7F3C /* Statistics.swift */ = {isa = PBXFileReference; lastKnownFileType = sourcecode.swift; path = Statistics.swift; sourceTree = "<group>"; };
		35FAFCFE6D8DE609C7FE5988 /* Arguments.swift */ = {isa = PBXFileReference; lastKnownFileType = sourcecode.swift; path = Arguments.swift; sourceTree = "<group>"; };
		525F8B8BCE65C57ECA4F3C77 /* ErgoAddress.swift */ = {isa = PBXFileReference; lastKnownFileType = sourcecode.swift; path = ErgoAddress.swift; sourceTree = "<group>"; };
		6094919297E34AE8C8B57313 /* MetalSolver.swift */ = {isa = PBXFileReference; lastKnownFileType = sourcecode.swift; path = MetalSolver.swift; sourceTree = "<group>"; };
		68DACEFF0589A9D8CA999DC1 /* Donation.swift */ = {isa = PBXFileReference; lastKnownFileType = sourcecode.swift; path = Donation.swift; sourceTree = "<group>"; };
		758E65FF08469E6F57180419 /* ErgoMetalCLITests.xctest */ = {isa = PBXFileReference; explicitFileType = wrapper.cfbundle; includeInIndex = 0; path = ErgoMetalCLITests.xctest; sourceTree = BUILT_PRODUCTS_DIR; };
		7695C60F137DD35C28B5AF60 /* DonationTests.swift */ = {isa = PBXFileReference; lastKnownFileType = sourcecode.swift; path = DonationTests.swift; sourceTree = "<group>"; };
		7F59CC47B157BB0E01F4E8D1 /* ConsensusTests.swift */ = {isa = PBXFileReference; lastKnownFileType = sourcecode.swift; path = ConsensusTests.swift; sourceTree = "<group>"; };
		8D13F7971385166397D3B7D5 /* MinerStatusLineFormatter.swift */ = {isa = PBXFileReference; lastKnownFileType = sourcecode.swift; path = MinerStatusLineFormatter.swift; sourceTree = "<group>"; };
		8D4C6F52AE82BB55EA3B8DB8 /* MetalErgoCoreTests.xctest */ = {isa = PBXFileReference; explicitFileType = wrapper.cfbundle; includeInIndex = 0; path = MetalErgoCoreTests.xctest; sourceTree = BUILT_PRODUCTS_DIR; };
		9B25F9AC969607EED7D53F37 /* Autolykos.swift */ = {isa = PBXFileReference; lastKnownFileType = sourcecode.swift; path = Autolykos.swift; sourceTree = "<group>"; };
		B08236D4687A9E76662A3FE2 /* libMetalErgoCore.a */ = {isa = PBXFileReference; explicitFileType = archive.ar; includeInIndex = 0; path = libMetalErgoCore.a; sourceTree = BUILT_PRODUCTS_DIR; };
		B68AD6566AEDE4AE53B13B7F /* ergometal */ = {isa = PBXFileReference; includeInIndex = 0; path = ergometal; sourceTree = BUILT_PRODUCTS_DIR; };
		C628D393584693C84CD61F70 /* StratumTests.swift */ = {isa = PBXFileReference; lastKnownFileType = sourcecode.swift; path = StratumTests.swift; sourceTree = "<group>"; };
		C832EFD7220872A528987BC7 /* AutolykosKernels.metal */ = {isa = PBXFileReference; lastKnownFileType = sourcecode.metal; path = AutolykosKernels.metal; sourceTree = "<group>"; };
		CD01266E7B9A5D18A424C76E /* Stratum.swift */ = {isa = PBXFileReference; lastKnownFileType = sourcecode.swift; path = Stratum.swift; sourceTree = "<group>"; };
		CF64D7B5D0E1B535292931E6 /* ErgoMetalCLI.swift */ = {isa = PBXFileReference; lastKnownFileType = sourcecode.swift; path = ErgoMetalCLI.swift; sourceTree = "<group>"; };
		DC10B3CAFE997AB5A6362652 /* MiningCoordinatorTests.swift */ = {isa = PBXFileReference; lastKnownFileType = sourcecode.swift; path = MiningCoordinatorTests.swift; sourceTree = "<group>"; };
		E01033A6DE420F7FB8FCB38B /* StatisticsTests.swift */ = {isa = PBXFileReference; lastKnownFileType = sourcecode.swift; path = StatisticsTests.swift; sourceTree = "<group>"; };
		E84004D497298899A0815ABA /* ArgumentsTests.swift */ = {isa = PBXFileReference; lastKnownFileType = sourcecode.swift; path = ArgumentsTests.swift; sourceTree = "<group>"; };
		FD3B76913F191F39DD6911B2 /* UInt256.swift */ = {isa = PBXFileReference; lastKnownFileType = sourcecode.swift; path = UInt256.swift; sourceTree = "<group>"; };
/* End PBXFileReference section */

/* Begin PBXFrameworksBuildPhase section */
		179F20D091C5173E94A8F174 /* Frameworks */ = {
			isa = PBXFrameworksBuildPhase;
			buildActionMask = 2147483647;
			files = (
				39899C37C121FE304098766F /* libMetalErgoCore.a in Frameworks */,
			);
			runOnlyForDeploymentPostprocessing = 0;
		};
		3D3FD758972C5F81FBFE4708 /* Frameworks */ = {
			isa = PBXFrameworksBuildPhase;
			buildActionMask = 2147483647;
			files = (
				28A7BB294411AF6F8A085252 /* libMetalErgoCore.a in Frameworks */,
			);
			runOnlyForDeploymentPostprocessing = 0;
		};
		9D2BDCE0E503CA4E85707BF8 /* Frameworks */ = {
			isa = PBXFrameworksBuildPhase;
			buildActionMask = 2147483647;
			files = (
				19A46A5397EB0E16D5575E04 /* libMetalErgoCore.a in Frameworks */,
			);
			runOnlyForDeploymentPostprocessing = 0;
		};
/* End PBXFrameworksBuildPhase section */

/* Begin PBXGroup section */
		23F05F440F2A9A73E29FE8D2 /* MetalErgoCoreTests */ = {
			isa = PBXGroup;
			children = (
				7F59CC47B157BB0E01F4E8D1 /* ConsensusTests.swift */,
				7695C60F137DD35C28B5AF60 /* DonationTests.swift */,
				E01033A6DE420F7FB8FCB38B /* StatisticsTests.swift */,
				C628D393584693C84CD61F70 /* StratumTests.swift */,
			);
			path = MetalErgoCoreTests;
			sourceTree = "<group>";
		};
		40FD672B75B7FD5408FC8EAB = {
			isa = PBXGroup;
			children = (
				67D227A6B6078DFBF3566476 /* Sources */,
				E9CD3E987BC862FF5851199A /* Tests */,
				EB9D814AAF723BB38AAFB76E /* Products */,
			);
			sourceTree = "<group>";
		};
		42D6C4033CDD942B932BCA4E /* MetalErgoCore */ = {
			isa = PBXGroup;
			children = (
				9B25F9AC969607EED7D53F37 /* Autolykos.swift */,
				C832EFD7220872A528987BC7 /* AutolykosKernels.metal */,
				29F973D0107EE834C7DD1908 /* Blake2b.swift */,
				68DACEFF0589A9D8CA999DC1 /* Donation.swift */,
				525F8B8BCE65C57ECA4F3C77 /* ErgoAddress.swift */,
				6094919297E34AE8C8B57313 /* MetalSolver.swift */,
				8D13F7971385166397D3B7D5 /* MinerStatusLineFormatter.swift */,
				303DDB16A73D46898E0F7F3C /* Statistics.swift */,
				21AFFD8D84F87585AD3EC95B /* StatisticsHTTPServer.swift */,
				CD01266E7B9A5D18A424C76E /* Stratum.swift */,
				FD3B76913F191F39DD6911B2 /* UInt256.swift */,
			);
			path = MetalErgoCore;
			sourceTree = "<group>";
		};
		67D227A6B6078DFBF3566476 /* Sources */ = {
			isa = PBXGroup;
			children = (
				C520042DDCBA0E58AAB7C638 /* ergometal */,
				42D6C4033CDD942B932BCA4E /* MetalErgoCore */,
			);
			path = Sources;
			sourceTree = "<group>";
		};
		AB3DEA43EA7BC910A8CAC078 /* ErgoMetalCLITests */ = {
			isa = PBXGroup;
			children = (
				E84004D497298899A0815ABA /* ArgumentsTests.swift */,
				DC10B3CAFE997AB5A6362652 /* MiningCoordinatorTests.swift */,
			);
			path = ErgoMetalCLITests;
			sourceTree = "<group>";
		};
		C520042DDCBA0E58AAB7C638 /* ergometal */ = {
			isa = PBXGroup;
			children = (
				35FAFCFE6D8DE609C7FE5988 /* Arguments.swift */,
				CF64D7B5D0E1B535292931E6 /* ErgoMetalCLI.swift */,
				2F365F059EFEA3210BEA5702 /* MiningCoordinator.swift */,
			);
			path = ergometal;
			sourceTree = "<group>";
		};
		E9CD3E987BC862FF5851199A /* Tests */ = {
			isa = PBXGroup;
			children = (
				AB3DEA43EA7BC910A8CAC078 /* ErgoMetalCLITests */,
				23F05F440F2A9A73E29FE8D2 /* MetalErgoCoreTests */,
			);
			path = Tests;
			sourceTree = "<group>";
		};
		EB9D814AAF723BB38AAFB76E /* Products */ = {
			isa = PBXGroup;
			children = (
				B68AD6566AEDE4AE53B13B7F /* ergometal */,
				758E65FF08469E6F57180419 /* ErgoMetalCLITests.xctest */,
				B08236D4687A9E76662A3FE2 /* libMetalErgoCore.a */,
				8D4C6F52AE82BB55EA3B8DB8 /* MetalErgoCoreTests.xctest */,
			);
			name = Products;
			sourceTree = "<group>";
		};
/* End PBXGroup section */

/* Begin PBXNativeTarget section */
		17BAA0F04C70C0A7F9C880F8 /* MetalErgoCore */ = {
			isa = PBXNativeTarget;
			buildConfigurationList = 14F412B41CF58F2E9D2AA4C3 /* Build configuration list for PBXNativeTarget "MetalErgoCore" */;
			buildPhases = (
				45D9B77863E3B0DB0B2E7398 /* Sources */,
				7D70DA433CE9178ECCFA1105 /* Copy Swift Objective-C Interface Header */,
			);
			buildRules = (
			);
			dependencies = (
			);
			name = MetalErgoCore;
			packageProductDependencies = (
			);
			productName = MetalErgoCore;
			productReference = B08236D4687A9E76662A3FE2 /* libMetalErgoCore.a */;
			productType = "com.apple.product-type.library.static";
		};
		41B47BBBADB8E149630D4064 /* ErgoMetalCLITests */ = {
			isa = PBXNativeTarget;
			buildConfigurationList = BFB506D50ADFDF87CFB4007D /* Build configuration list for PBXNativeTarget "ErgoMetalCLITests" */;
			buildPhases = (
				F3942C14F25F018399BC9C52 /* Sources */,
				3D3FD758972C5F81FBFE4708 /* Frameworks */,
			);
			buildRules = (
			);
			dependencies = (
				692FA9FAB3791D357FD3DCFA /* PBXTargetDependency */,
			);
			name = ErgoMetalCLITests;
			packageProductDependencies = (
			);
			productName = ErgoMetalCLITests;
			productReference = 758E65FF08469E6F57180419 /* ErgoMetalCLITests.xctest */;
			productType = "com.apple.product-type.bundle.unit-test";
		};
		7BB70E918F1B2817D22144AC /* MetalErgoCoreTests */ = {
			isa = PBXNativeTarget;
			buildConfigurationList = 7D5604AA651D67EB7F19439D /* Build configuration list for PBXNativeTarget "MetalErgoCoreTests" */;
			buildPhases = (
				2528B1F9CE480AA1E8F6AB92 /* Sources */,
				9D2BDCE0E503CA4E85707BF8 /* Frameworks */,
			);
			buildRules = (
			);
			dependencies = (
				D177D8DABCF1C002CB935804 /* PBXTargetDependency */,
			);
			name = MetalErgoCoreTests;
			packageProductDependencies = (
			);
			productName = MetalErgoCoreTests;
			productReference = 8D4C6F52AE82BB55EA3B8DB8 /* MetalErgoCoreTests.xctest */;
			productType = "com.apple.product-type.bundle.unit-test";
		};
		BA9C0BE1C53ABE3F72F9DDDB /* ergometal */ = {
			isa = PBXNativeTarget;
			buildConfigurationList = 97B4022CF3EB3B359ECFB789 /* Build configuration list for PBXNativeTarget "ergometal" */;
			buildPhases = (
				26DC3AEBED6C184068277F52 /* Sources */,
				179F20D091C5173E94A8F174 /* Frameworks */,
			);
			buildRules = (
			);
			dependencies = (
				B1E290D11F880E5C01C1B730 /* PBXTargetDependency */,
			);
			name = ergometal;
			packageProductDependencies = (
			);
			productName = ergometal;
			productReference = B68AD6566AEDE4AE53B13B7F /* ergometal */;
			productType = "com.apple.product-type.tool";
		};
/* End PBXNativeTarget section */

/* Begin PBXProject section */
		DB8A78D53A7667338D597271 /* Project object */ = {
			isa = PBXProject;
			attributes = {
				BuildIndependentTargetsInParallel = YES;
				LastUpgradeCheck = 1430;
				TargetAttributes = {
				};
			};
			buildConfigurationList = DD396C2AE99D3B13396932B5 /* Build configuration list for PBXProject "MetalErgoMiner" */;
			developmentRegion = en;
			hasScannedForEncodings = 0;
			knownRegions = (
				Base,
				en,
			);
			mainGroup = 40FD672B75B7FD5408FC8EAB;
			minimizedProjectReferenceProxies = 1;
			preferredProjectObjectVersion = 77;
			productRefGroup = EB9D814AAF723BB38AAFB76E /* Products */;
			projectDirPath = "";
			projectRoot = "";
			targets = (
				17BAA0F04C70C0A7F9C880F8 /* MetalErgoCore */,
				BA9C0BE1C53ABE3F72F9DDDB /* ergometal */,
				7BB70E918F1B2817D22144AC /* MetalErgoCoreTests */,
				41B47BBBADB8E149630D4064 /* ErgoMetalCLITests */,
			);
		};
/* End PBXProject section */

/* Begin PBXShellScriptBuildPhase section */
		7D70DA433CE9178ECCFA1105 /* Copy Swift Objective-C Interface Header */ = {
			isa = PBXShellScriptBuildPhase;
			buildActionMask = 2147483647;
			files = (
			);
			inputPaths = (
				"$(DERIVED_SOURCES_DIR)/$(SWIFT_OBJC_INTERFACE_HEADER_NAME)",
			);
			name = "Copy Swift Objective-C Interface Header";
			outputPaths = (
				"$(BUILT_PRODUCTS_DIR)/include/$(PRODUCT_MODULE_NAME)/$(SWIFT_OBJC_INTERFACE_HEADER_NAME)",
			);
			runOnlyForDeploymentPostprocessing = 0;
			shellPath = /bin/sh;
			shellScript = "ditto \"${SCRIPT_INPUT_FILE_0}\" \"${SCRIPT_OUTPUT_FILE_0}\"\n";
		};
/* End PBXShellScriptBuildPhase section */

/* Begin PBXSourcesBuildPhase section */
		2528B1F9CE480AA1E8F6AB92 /* Sources */ = {
			isa = PBXSourcesBuildPhase;
			buildActionMask = 2147483647;
			files = (
				B079B1C7BB9A64E37E3D4F4E /* AutolykosKernels.metal in Sources */,
				0F07CEA0CD741C4147D25204 /* ConsensusTests.swift in Sources */,
				672CD7C42AEBA57D186F1AA6 /* DonationTests.swift in Sources */,
				A17FBE53F5CE44520F8E877D /* StatisticsTests.swift in Sources */,
				36F410B32194B8261E8FB291 /* StratumTests.swift in Sources */,
			);
			runOnlyForDeploymentPostprocessing = 0;
		};
		26DC3AEBED6C184068277F52 /* Sources */ = {
			isa = PBXSourcesBuildPhase;
			buildActionMask = 2147483647;
			files = (
				C73B7C4D497CC39331393324 /* Arguments.swift in Sources */,
				1964BD9B8847BEBEDE6D7702 /* ErgoMetalCLI.swift in Sources */,
				E5AF378BF5223C7C5238EB73 /* MiningCoordinator.swift in Sources */,
			);
			runOnlyForDeploymentPostprocessing = 0;
		};
		45D9B77863E3B0DB0B2E7398 /* Sources */ = {
			isa = PBXSourcesBuildPhase;
			buildActionMask = 2147483647;
			files = (
				2BB717703ACFF0C0A5333634 /* Autolykos.swift in Sources */,
				CA364D1FCBDC347157A59159 /* AutolykosKernels.metal in Sources */,
				65839A8A5DE283CC3F0B21AD /* Blake2b.swift in Sources */,
				1E3885EB40F4943A847A5605 /* Donation.swift in Sources */,
				52510C256BB69AAE6C6DAAE2 /* ErgoAddress.swift in Sources */,
				AD834C0F218B93356C32188F /* MetalSolver.swift in Sources */,
				95BD076494F804629E9FC67A /* MinerStatusLineFormatter.swift in Sources */,
				BF0819C0CF3E86A15361A9F8 /* Statistics.swift in Sources */,
				15A0CE51820EF7EC92404956 /* StatisticsHTTPServer.swift in Sources */,
				99D287999C8E48F4218A81F2 /* Stratum.swift in Sources */,
				9810CA39ECEB7638CD118B21 /* UInt256.swift in Sources */,
			);
			runOnlyForDeploymentPostprocessing = 0;
		};
		F3942C14F25F018399BC9C52 /* Sources */ = {
			isa = PBXSourcesBuildPhase;
			buildActionMask = 2147483647;
			files = (
				0BF3FD30B7454434CA019F56 /* Arguments.swift in Sources */,
				5D5B6E49040C17CFE9C34018 /* ArgumentsTests.swift in Sources */,
				544C22C037B2A790761B1816 /* MiningCoordinator.swift in Sources */,
				466E0015E39400327702F340 /* MiningCoordinatorTests.swift in Sources */,
			);
			runOnlyForDeploymentPostprocessing = 0;
		};
/* End PBXSourcesBuildPhase section */

/* Begin PBXTargetDependency section */
		692FA9FAB3791D357FD3DCFA /* PBXTargetDependency */ = {
			isa = PBXTargetDependency;
			target = 17BAA0F04C70C0A7F9C880F8 /* MetalErgoCore */;
			targetProxy = F56519370C76AB2007CCB4FF /* PBXContainerItemProxy */;
		};
		B1E290D11F880E5C01C1B730 /* PBXTargetDependency */ = {
			isa = PBXTargetDependency;
			target = 17BAA0F04C70C0A7F9C880F8 /* MetalErgoCore */;
			targetProxy = B556608D956F35A8BF2BD2A7 /* PBXContainerItemProxy */;
		};
		D177D8DABCF1C002CB935804 /* PBXTargetDependency */ = {
			isa = PBXTargetDependency;
			target = 17BAA0F04C70C0A7F9C880F8 /* MetalErgoCore */;
			targetProxy = 3DFC62C46B485CFF59360AA3 /* PBXContainerItemProxy */;
		};
/* End PBXTargetDependency section */

/* Begin XCBuildConfiguration section */
		0C4A19780052062C21DF91B2 /* Debug */ = {
			isa = XCBuildConfiguration;
			buildSettings = {
				COMBINE_HIDPI_IMAGES = YES;
				GENERATE_INFOPLIST_FILE = YES;
				LD_RUNPATH_SEARCH_PATHS = "$(inherited) @loader_path";
				OTHER_LDFLAGS = (
					"$(inherited) -Wl,-sectcreate,__TEXT,__metallib,$(TARGET_BUILD_DIR)/default.metallib",
					"-ObjC",
				);
				PRODUCT_BUNDLE_IDENTIFIER = dev.ergometal.ergometal;
				PRODUCT_NAME = ergometal;
				SDKROOT = macosx;
			};
			name = Debug;
		};
		2C126490993F756706A3DBA4 /* Release */ = {
			isa = XCBuildConfiguration;
			buildSettings = {
				COMBINE_HIDPI_IMAGES = YES;
				GENERATE_INFOPLIST_FILE = YES;
				LD_RUNPATH_SEARCH_PATHS = "$(inherited) @loader_path";
				OTHER_LDFLAGS = (
					"$(inherited) -Wl,-sectcreate,__TEXT,__metallib,$(TARGET_BUILD_DIR)/default.metallib",
					"-ObjC",
				);
				PRODUCT_BUNDLE_IDENTIFIER = dev.ergometal.ergometal;
				PRODUCT_NAME = ergometal;
				SDKROOT = macosx;
			};
			name = Release;
		};
		6EAA79E1E19D924C3F2D010D /* Debug */ = {
			isa = XCBuildConfiguration;
			buildSettings = {
				ALWAYS_SEARCH_USER_PATHS = NO;
				ARCHS = arm64;
				CLANG_ANALYZER_NONNULL = YES;
				CLANG_ANALYZER_NUMBER_OBJECT_CONVERSION = YES_AGGRESSIVE;
				CLANG_CXX_LANGUAGE_STANDARD = "gnu++14";
				CLANG_CXX_LIBRARY = "libc++";
				CLANG_ENABLE_MODULES = YES;
				CLANG_ENABLE_OBJC_ARC = YES;
				CLANG_ENABLE_OBJC_WEAK = YES;
				CLANG_WARN_BLOCK_CAPTURE_AUTORELEASING = YES;
				CLANG_WARN_BOOL_CONVERSION = YES;
				CLANG_WARN_COMMA = YES;
				CLANG_WARN_CONSTANT_CONVERSION = YES;
				CLANG_WARN_DEPRECATED_OBJC_IMPLEMENTATIONS = YES;
				CLANG_WARN_DIRECT_OBJC_ISA_USAGE = YES_ERROR;
				CLANG_WARN_DOCUMENTATION_COMMENTS = YES;
				CLANG_WARN_EMPTY_BODY = YES;
				CLANG_WARN_ENUM_CONVERSION = YES;
				CLANG_WARN_INFINITE_RECURSION = YES;
				CLANG_WARN_INT_CONVERSION = YES;
				CLANG_WARN_NON_LITERAL_NULL_CONVERSION = YES;
				CLANG_WARN_OBJC_IMPLICIT_RETAIN_SELF = YES;
				CLANG_WARN_OBJC_LITERAL_CONVERSION = YES;
				CLANG_WARN_OBJC_ROOT_CLASS = YES_ERROR;
				CLANG_WARN_QUOTED_INCLUDE_IN_FRAMEWORK_HEADER = YES;
				CLANG_WARN_RANGE_LOOP_ANALYSIS = YES;
				CLANG_WARN_STRICT_PROTOTYPES = YES;
				CLANG_WARN_SUSPICIOUS_MOVE = YES;
				CLANG_WARN_UNGUARDED_AVAILABILITY = YES_AGGRESSIVE;
				CLANG_WARN_UNREACHABLE_CODE = YES;
				CLANG_WARN__DUPLICATE_METHOD_MATCH = YES;
				CODE_SIGNING_ALLOWED = NO;
				COPY_PHASE_STRIP = NO;
				DEBUG_INFORMATION_FORMAT = dwarf;
				ENABLE_STRICT_OBJC_MSGSEND = YES;
				ENABLE_TESTABILITY = YES;
				GCC_C_LANGUAGE_STANDARD = gnu11;
				GCC_DYNAMIC_NO_PIC = NO;
				GCC_NO_COMMON_BLOCKS = YES;
				GCC_OPTIMIZATION_LEVEL = 0;
				GCC_PREPROCESSOR_DEFINITIONS = (
					"$(inherited)",
					"DEBUG=1",
				);
				GCC_WARN_64_TO_32_BIT_CONVERSION = YES;
				GCC_WARN_ABOUT_RETURN_TYPE = YES_ERROR;
				GCC_WARN_UNDECLARED_SELECTOR = YES;
				GCC_WARN_UNINITIALIZED_AUTOS = YES_AGGRESSIVE;
				GCC_WARN_UNUSED_FUNCTION = YES;
				GCC_WARN_UNUSED_VARIABLE = YES;
				MACOSX_DEPLOYMENT_TARGET = 26.5;
				MTL_ENABLE_DEBUG_INFO = INCLUDE_SOURCE;
				MTL_FAST_MATH = YES;
				ONLY_ACTIVE_ARCH = YES;
				PRODUCT_NAME = "$(TARGET_NAME)";
				SDKROOT = macosx;
				SWIFT_ACTIVE_COMPILATION_CONDITIONS = DEBUG;
				SWIFT_OPTIMIZATION_LEVEL = "-Onone";
				SWIFT_STRICT_CONCURRENCY = complete;
				SWIFT_VERSION = 6.0;
			};
			name = Debug;
		};
		78A1B866EFC36E972332BD70 /* Release */ = {
			isa = XCBuildConfiguration;
			buildSettings = {
				COMBINE_HIDPI_IMAGES = YES;
				DEFINES_MODULE = YES;
				GENERATE_INFOPLIST_FILE = YES;
				LD_RUNPATH_SEARCH_PATHS = (
					"$(inherited)",
					"@executable_path/../Frameworks",
				);
				PRODUCT_BUNDLE_IDENTIFIER = dev.ergometal.core;
				SDKROOT = macosx;
				SKIP_INSTALL = YES;
			};
			name = Release;
		};
		8D6B26A5F9A0A91856CA15AB /* Debug */ = {
			isa = XCBuildConfiguration;
			buildSettings = {
				BUNDLE_LOADER = "$(TEST_HOST)";
				COMBINE_HIDPI_IMAGES = YES;
				GENERATE_INFOPLIST_FILE = YES;
				LD_RUNPATH_SEARCH_PATHS = (
					"$(inherited)",
					"@executable_path/../Frameworks",
					"@loader_path/../Frameworks",
				);
				OTHER_LDFLAGS = (
					"$(inherited)",
					"-ObjC",
				);
				PRODUCT_BUNDLE_IDENTIFIER = "dev.ergometal.cli-tests";
				SDKROOT = macosx;
			};
			name = Debug;
		};
		AD3D5F6D5DD94C7B8EB7DAD8 /* Debug */ = {
			isa = XCBuildConfiguration;
			buildSettings = {
				COMBINE_HIDPI_IMAGES = YES;
				DEFINES_MODULE = YES;
				GENERATE_INFOPLIST_FILE = YES;
				LD_RUNPATH_SEARCH_PATHS = (
					"$(inherited)",
					"@executable_path/../Frameworks",
				);
				PRODUCT_BUNDLE_IDENTIFIER = dev.ergometal.core;
				SDKROOT = macosx;
				SKIP_INSTALL = YES;
			};
			name = Debug;
		};
		B9E22D58A19F61A6B9C31B56 /* Release */ = {
			isa = XCBuildConfiguration;
			buildSettings = {
				ALWAYS_SEARCH_USER_PATHS = NO;
				ARCHS = arm64;
				CLANG_ANALYZER_NONNULL = YES;
				CLANG_ANALYZER_NUMBER_OBJECT_CONVERSION = YES_AGGRESSIVE;
				CLANG_CXX_LANGUAGE_STANDARD = "gnu++14";
				CLANG_CXX_LIBRARY = "libc++";
				CLANG_ENABLE_MODULES = YES;
				CLANG_ENABLE_OBJC_ARC = YES;
				CLANG_ENABLE_OBJC_WEAK = YES;
				CLANG_WARN_BLOCK_CAPTURE_AUTORELEASING = YES;
				CLANG_WARN_BOOL_CONVERSION = YES;
				CLANG_WARN_COMMA = YES;
				CLANG_WARN_CONSTANT_CONVERSION = YES;
				CLANG_WARN_DEPRECATED_OBJC_IMPLEMENTATIONS = YES;
				CLANG_WARN_DIRECT_OBJC_ISA_USAGE = YES_ERROR;
				CLANG_WARN_DOCUMENTATION_COMMENTS = YES;
				CLANG_WARN_EMPTY_BODY = YES;
				CLANG_WARN_ENUM_CONVERSION = YES;
				CLANG_WARN_INFINITE_RECURSION = YES;
				CLANG_WARN_INT_CONVERSION = YES;
				CLANG_WARN_NON_LITERAL_NULL_CONVERSION = YES;
				CLANG_WARN_OBJC_IMPLICIT_RETAIN_SELF = YES;
				CLANG_WARN_OBJC_LITERAL_CONVERSION = YES;
				CLANG_WARN_OBJC_ROOT_CLASS = YES_ERROR;
				CLANG_WARN_QUOTED_INCLUDE_IN_FRAMEWORK_HEADER = YES;
				CLANG_WARN_RANGE_LOOP_ANALYSIS = YES;
				CLANG_WARN_STRICT_PROTOTYPES = YES;
				CLANG_WARN_SUSPICIOUS_MOVE = YES;
				CLANG_WARN_UNGUARDED_AVAILABILITY = YES_AGGRESSIVE;
				CLANG_WARN_UNREACHABLE_CODE = YES;
				CLANG_WARN__DUPLICATE_METHOD_MATCH = YES;
				CODE_SIGNING_ALLOWED = NO;
				COPY_PHASE_STRIP = NO;
				DEBUG_INFORMATION_FORMAT = "dwarf-with-dsym";
				ENABLE_NS_ASSERTIONS = NO;
				ENABLE_STRICT_OBJC_MSGSEND = YES;
				GCC_C_LANGUAGE_STANDARD = gnu11;
				GCC_NO_COMMON_BLOCKS = YES;
				GCC_WARN_64_TO_32_BIT_CONVERSION = YES;
				GCC_WARN_ABOUT_RETURN_TYPE = YES_ERROR;
				GCC_WARN_UNDECLARED_SELECTOR = YES;
				GCC_WARN_UNINITIALIZED_AUTOS = YES_AGGRESSIVE;
				GCC_WARN_UNUSED_FUNCTION = YES;
				GCC_WARN_UNUSED_VARIABLE = YES;
				MACOSX_DEPLOYMENT_TARGET = 26.5;
				MTL_ENABLE_DEBUG_INFO = NO;
				MTL_FAST_MATH = YES;
				PRODUCT_NAME = "$(TARGET_NAME)";
				SDKROOT = macosx;
				SWIFT_COMPILATION_MODE = wholemodule;
				SWIFT_OPTIMIZATION_LEVEL = "-O";
				SWIFT_STRICT_CONCURRENCY = complete;
				SWIFT_VERSION = 6.0;
			};
			name = Release;
		};
		BF5AB6FFC1EF65E88E047A28 /* Release */ = {
			isa = XCBuildConfiguration;
			buildSettings = {
				BUNDLE_LOADER = "$(TEST_HOST)";
				COMBINE_HIDPI_IMAGES = YES;
				GENERATE_INFOPLIST_FILE = YES;
				LD_RUNPATH_SEARCH_PATHS = (
					"$(inherited)",
					"@executable_path/../Frameworks",
					"@loader_path/../Frameworks",
				);
				OTHER_LDFLAGS = (
					"$(inherited)",
					"-ObjC",
				);
				PRODUCT_BUNDLE_IDENTIFIER = dev.ergometal.tests;
				SDKROOT = macosx;
			};
			name = Release;
		};
		D41AEA8D7770A3E146A150EE /* Release */ = {
			isa = XCBuildConfiguration;
			buildSettings = {
				BUNDLE_LOADER = "$(TEST_HOST)";
				COMBINE_HIDPI_IMAGES = YES;
				GENERATE_INFOPLIST_FILE = YES;
				LD_RUNPATH_SEARCH_PATHS = (
					"$(inherited)",
					"@executable_path/../Frameworks",
					"@loader_path/../Frameworks",
				);
				OTHER_LDFLAGS = (
					"$(inherited)",
					"-ObjC",
				);
				PRODUCT_BUNDLE_IDENTIFIER = "dev.ergometal.cli-tests";
				SDKROOT = macosx;
			};
			name = Release;
		};
		F71D84F30022CC7EF1EFEB3A /* Debug */ = {
			isa = XCBuildConfiguration;
			buildSettings = {
				BUNDLE_LOADER = "$(TEST_HOST)";
				COMBINE_HIDPI_IMAGES = YES;
				GENERATE_INFOPLIST_FILE = YES;
				LD_RUNPATH_SEARCH_PATHS = (
					"$(inherited)",
					"@executable_path/../Frameworks",
					"@loader_path/../Frameworks",
				);
				OTHER_LDFLAGS = (
					"$(inherited)",
					"-ObjC",
				);
				PRODUCT_BUNDLE_IDENTIFIER = dev.ergometal.tests;
				SDKROOT = macosx;
			};
			name = Debug;
		};
/* End XCBuildConfiguration section */

/* Begin XCConfigurationList section */
		14F412B41CF58F2E9D2AA4C3 /* Build configuration list for PBXNativeTarget "MetalErgoCore" */ = {
			isa = XCConfigurationList;
			buildConfigurations = (
				AD3D5F6D5DD94C7B8EB7DAD8 /* Debug */,
				78A1B866EFC36E972332BD70 /* Release */,
			);
			defaultConfigurationIsVisible = 0;
			defaultConfigurationName = Debug;
		};
		7D5604AA651D67EB7F19439D /* Build configuration list for PBXNativeTarget "MetalErgoCoreTests" */ = {
			isa = XCConfigurationList;
			buildConfigurations = (
				F71D84F30022CC7EF1EFEB3A /* Debug */,
				BF5AB6FFC1EF65E88E047A28 /* Release */,
			);
			defaultConfigurationIsVisible = 0;
			defaultConfigurationName = Debug;
		};
		97B4022CF3EB3B359ECFB789 /* Build configuration list for PBXNativeTarget "ergometal" */ = {
			isa = XCConfigurationList;
			buildConfigurations = (
				0C4A19780052062C21DF91B2 /* Debug */,
				2C126490993F756706A3DBA4 /* Release */,
			);
			defaultConfigurationIsVisible = 0;
			defaultConfigurationName = Debug;
		};
		BFB506D50ADFDF87CFB4007D /* Build configuration list for PBXNativeTarget "ErgoMetalCLITests" */ = {
			isa = XCConfigurationList;
			buildConfigurations = (
				8D6B26A5F9A0A91856CA15AB /* Debug */,
				D41AEA8D7770A3E146A150EE /* Release */,
			);
			defaultConfigurationIsVisible = 0;
			defaultConfigurationName = Debug;
		};
		DD396C2AE99D3B13396932B5 /* Build configuration list for PBXProject "MetalErgoMiner" */ = {
			isa = XCConfigurationList;
			buildConfigurations = (
				6EAA79E1E19D924C3F2D010D /* Debug */,
				B9E22D58A19F61A6B9C31B56 /* Release */,
			);
			defaultConfigurationIsVisible = 0;
			defaultConfigurationName = Debug;
		};
/* End XCConfigurationList section */
	};
	rootObject = DB8A78D53A7667338D597271 /* Project object */;
}
